
Microsoft Visual Studio Solution File, Format Version 12.00
# Visual Studio 15
VisualStudioVersion = 15.0.28307.136
MinimumVisualStudioVersion = 10.0.40219.1
Project("{FAE04EC0-301F-11D3-BF4B-00C04F79EFBC}") = "WakeMeUp.Android", "WakeMeUp\WakeMeUp.Android\WakeMeUp.Android.csproj", "{7275FC82-42D6-4281-A082-1F34900C0D30}"
EndProject
Project("{FAE04EC0-301F-11D3-BF4B-00C04F79EFBC}") = "WakeMeUp.iOS", "WakeMeUp\WakeMeUp.iOS\WakeMeUp.iOS.csproj", "{02200EE6-3C38-4EB4-BBE7-A933CCE33041}"
EndProject
Project("{9A19103F-16F7-4668-BE54-9A1E7A4F7556}") = "WakeMeUp", "WakeMeUp\WakeMeUp\WakeMeUp.csproj", "{D41A2D07-B2DB-4D97-8481-318A9540E2A2}"
EndProject
Project("{FAE04EC0-301F-11D3-BF4B-00C04F79EFBC}") = "WakeMeUp.Models", "WakeMeUp.Models\WakeMeUp.Models.csproj", "{B03764DD-8D88-47E3-A340-90621F7449D1}"
EndProject
Global
	GlobalSection(SolutionConfigurationPlatforms) = preSolution
		Ad-Hoc|Any CPU = Ad-Hoc|Any CPU
		Ad-Hoc|iPhone = Ad-Hoc|iPhone
		Ad-Hoc|iPhoneSimulator = Ad-Hoc|iPhoneSimulator
		AppStore|Any CPU = AppStore|Any CPU
		AppStore|iPhone = AppStore|iPhone
		AppStore|iPhoneSimulator = AppStore|iPhoneSimulator
		Debug|Any CPU = Debug|Any CPU
		Debug|iPhone = Debug|iPhone
		Debug|iPhoneSimulator = Debug|iPhoneSimulator
		Release|Any CPU = Release|Any CPU
		Release|iPhone = Release|iPhone
		Release|iPhoneSimulator = Release|iPhoneSimulator
	EndGlobalSection
	GlobalSection(ProjectConfigurationPlatforms) = postSolution
		{7275FC82-42D6-4281-A082-1F34900C0D30}.Ad-Hoc|Any CPU.ActiveCfg = Release|Any CPU
		{7275FC82-42D6-4281-A082-1F34900C0D30}.Ad-Hoc|Any CPU.Build.0 = Release|Any CPU
		{7275FC82-42D6-4281-A082-1F34900C0D30}.Ad-Hoc|Any CPU.Deploy.0 = Release|Any CPU
		{7275FC82-42D6-4281-A082-1F34900C0D30}.Ad-Hoc|iPhone.ActiveCfg = Release|Any CPU
		{7275FC82-42D6-4281-A082-1F34900C0D30}.Ad-Hoc|iPhone.Build.0 = Release|Any CPU
		{7275FC82-42D6-4281-A082-1F34900C0D30}.Ad-Hoc|iPhone.Deploy.0 = Release|Any CPU
		{7275FC82-42D6-4281-A082-1F34900C0D30}.Ad-Hoc|iPhoneSimulator.ActiveCfg = Release|Any CPU
		{7275FC82-42D6-4281-A082-1F34900C0D30}.Ad-Hoc|iPhoneSimulator.Build.0 = Release|Any CPU
		{7275FC82-42D6-4281-A082-1F34900C0D30}.Ad-Hoc|iPhoneSimulator.Deploy.0 = Release|Any CPU
		{7275FC82-42D6-4281-A082-1F34900C0D30}.AppStore|Any CPU.ActiveCfg = Release|Any CPU
		{7275FC82-42D6-4281-A082-1F34900C0D30}.AppStore|Any CPU.Build.0 = Release|Any CPU
		{7275FC82-42D6-4281-A082-1F34900C0D30}.AppStore|Any CPU.Deploy.0 = Release|Any CPU
		{7275FC82-42D6-4281-A082-1F34900C0D30}.AppStore|iPhone.ActiveCfg = Release|Any CPU
		{7275FC82-42D6-4281-A082-1F34900C0D30}.AppStore|iPhone.Build.0 = Release|Any CPU
		{7275FC82-42D6-4281-A082-1F34900C0D30}.AppStore|iPhone.Deploy.0 = Release|Any CPU
		{7275FC82-42D6-4281-A082-1F34900C0D30}.AppStore|iPhoneSimulator.ActiveCfg = Release|Any CPU
		{7275FC82-42D6-4281-A082-1F34900C0D30}.AppStore|iPhoneSimulator.Build.0 = Release|Any CPU
		{7275FC82-42D6-4281-A082-1F34900C0D30}.AppStore|iPhoneSimulator.Deploy.0 = Release|Any CPU
		{7275FC82-42D6-4281-A082-1F34900C0D30}.Debug|Any CPU.ActiveCfg = Debug|Any CPU
		{7275FC82-42D6-4281-A082-1F34900C0D30}.Debug|Any CPU.Build.0 = Debug|Any CPU
		{7275FC82-42D6-4281-A082-1F34900C0D30}.Debug|Any CPU.Deploy.0 = Debug|Any CPU
		{7275FC82-42D6-4281-A082-1F34900C0D30}.Debug|iPhone.ActiveCfg = Debug|Any CPU
		{7275FC82-42D6-4281-A082-1F34900C0D30}.Debug|iPhone.Build.0 = Debug|Any CPU
		{7275FC82-42D6-4281-A082-1F34900C0D30}.Debug|iPhone.Deploy.0 = Debug|Any CPU
		{7275FC82-42D6-4281-A082-1F34900C0D30}.Debug|iPhoneSimulator.ActiveCfg = Debug|Any CPU
		{7275FC82-42D6-4281-A082-1F34900C0D30}.Debug|iPhoneSimulator.Build.0 = Debug|Any CPU
		{7275FC82-42D6-4281-A082-1F34900C0D30}.Debug|iPhoneSimulator.Deploy.0 = Debug|Any CPU
		{7275FC82-42D6-4281-A082-1F34900C0D30}.Release|Any CPU.ActiveCfg = Release|Any CPU
		{7275FC82-42D6-4281-A082-1F34900C0D30}.Release|Any CPU.Build.0 = Release|Any CPU
		{7275FC82-42D6-4281-A082-1F34900C0D30}.Release|Any CPU.Deploy.0 = Release|Any CPU
		{7275FC82-42D6-4281-A082-1F34900C0D30}.Release|iPhone.ActiveCfg = Release|Any CPU
		{7275FC82-42D6-4281-A082-1F34900C0D30}.Release|iPhone.Build.0 = Release|Any CPU
		{7275FC82-42D6-4281-A082-1F34900C0D30}.Release|iPhone.Deploy.0 = Release|Any CPU
		{7275FC82-42D6-4281-A082-1F34900C0D30}.Release|iPhoneSimulator.ActiveCfg = Release|Any CPU
		{7275FC82-42D6-4281-A082-1F34900C0D30}.Release|iPhoneSimulator.Build.0 = Release|Any CPU
		{7275FC82-42D6-4281-A082-1F34900C0D30}.Release|iPhoneSimulator.Deploy.0 = Release|Any CPU
		{02200EE6-3C38-4EB4-BBE7-A933CCE33041}.Ad-Hoc|Any CPU.ActiveCfg = Ad-Hoc|iPhone
		{02200EE6-3C38-4EB4-BBE7-A933CCE33041}.Ad-Hoc|Any CPU.Build.0 = Ad-Hoc|iPhone
		{02200EE6-3C38-4EB4-BBE7-A933CCE33041}.Ad-Hoc|Any CPU.Deploy.0 = Ad-Hoc|iPhone
		{02200EE6-3C38-4EB4-BBE7-A933CCE33041}.Ad-Hoc|iPhone.ActiveCfg = Ad-Hoc|iPhone
		{02200EE6-3C38-4EB4-BBE7-A933CCE33041}.Ad-Hoc|iPhone.Build.0 = Ad-Hoc|iPhone
		{02200EE6-3C38-4EB4-BBE7-A933CCE33041}.Ad-Hoc|iPhone.Deploy.0 = Ad-Hoc|iPhone
		{02200EE6-3C38-4EB4-BBE7-A933CCE33041}.Ad-Hoc|iPhoneSimulator.ActiveCfg = Ad-Hoc|iPhoneSimulator
		{02200EE6-3C38-4EB4-BBE7-A933CCE33041}.Ad-Hoc|iPhoneSimulator.Build.0 = Ad-Hoc|iPhoneSimulator
		{02200EE6-3C38-4EB4-BBE7-A933CCE33041}.Ad-Hoc|iPhoneSimulator.Deploy.0 = Ad-Hoc|iPhoneSimulator
		{02200EE6-3C38-4EB4-BBE7-A933CCE33041}.AppStore|Any CPU.ActiveCfg = AppStore|iPhone
		{02200EE6-3C38-4EB4-BBE7-A933CCE33041}.AppStore|Any CPU.Build.0 = AppStore|iPhone
		{02200EE6-3C38-4EB4-BBE7-A933CCE33041}.AppStore|Any CPU.Deploy.0 = AppStore|iPhone
		{02200EE6-3C38-4EB4-BBE7-A933CCE33041}.AppStore|iPhone.ActiveCfg = AppStore|iPhone
		{02200EE6-3C38-4EB4-BBE7-A933CCE33041}.AppStore|iPhone.Build.0 = AppStore|iPhone
		{02200EE6-3C38-4EB4-BBE7-A933CCE33041}.AppStore|iPhone.Deploy.0 = AppStore|iPhone
		{02200EE6-3C38-4EB4-BBE7-A933CCE33041}.AppStore|iPhoneSimulator.ActiveCfg = AppStore|iPhoneSimulator
		{02200EE6-3C38-4EB4-BBE7-A933CCE33041}.AppStore|iPhoneSimulator.Build.0 = AppStore|iPhoneSimulator
		{02200EE6-3C38-4EB4-BBE7-A933CCE33041}.AppStore|iPhoneSimulator.Deploy.0 = AppStore|iPhoneSimulator
		{02200EE6-3C38-4EB4-BBE7-A933CCE33041}.Debug|Any CPU.ActiveCfg = Debug|iPhoneSimulator
		{02200EE6-3C38-4EB4-BBE7-A933CCE33041}.Debug|Any CPU.Build.0 = Debug|iPhoneSimulator
		{02200EE6-3C38-4EB4-BBE7-A933CCE33041}.Debug|Any CPU.Deploy.0 = Debug|iPhoneSimulator
		{02200EE6-3C38-4EB4-BBE7-A933CCE33041}.Debug|iPhone.ActiveCfg = Debug|iPhone
		{02200EE6-3C38-4EB4-BBE7-A933CCE33041}.Debug|iPhone.Build.0 = Debug|iPhone
		{02200EE6-3C38-4EB4-BBE7-A933CCE33041}.Debug|iPhone.Deploy.0 = Debug|iPhone
		{02200EE6-3C38-4EB4-BBE7-A933CCE33041}.Debug|iPhoneSimulator.ActiveCfg = Debug|iPhoneSimulator
		{02200EE6-3C38-4EB4-BBE7-A933CCE33041}.Debug|iPhoneSimulator.Build.0 = Debug|iPhoneSimulator
		{02200EE6-3C38-4EB4-BBE7-A933CCE33041}.Debug|iPhoneSimulator.Deploy.0 = Debug|iPhoneSimulator
		{02200EE6-3C38-4EB4-BBE7-A933CCE33041}.Release|Any CPU.ActiveCfg = Release|iPhone
		{02200EE6-3C38-4EB4-BBE7-A933CCE33041}.Release|Any CPU.Build.0 = Release|iPhone
		{02200EE6-3C38-4EB4-BBE7-A933CCE33041}.Release|Any CPU.Deploy.0 = Release|iPhone
		{02200EE6-3C38-4EB4-BBE7-A933CCE33041}.Release|iPhone.ActiveCfg = Release|iPhone
		{02200EE6-3C38-4EB4-BBE7-A933CCE33041}.Release|iPhone.Build.0 = Release|iPhone
		{02200EE6-3C38-4EB4-BBE7-A933CCE33041}.Release|iPhone.Deploy.0 = Release|iPhone
		{02200EE6-3C38-4EB4-BBE7-A933CCE33041}.Release|iPhoneSimulator.ActiveCfg = Release|iPhoneSimulator
		{02200EE6-3C38-4EB4-BBE7-A933CCE33041}.Release|iPhoneSimulator.Build.0 = Release|iPhoneSimulator
		{02200EE6-3C38-4EB4-BBE7-A933CCE33041}.Release|iPhoneSimulator.Deploy.0 = Release|iPhoneSimulator
		{D41A2D07-B2DB-4D97-8481-318A9540E2A2}.Ad-Hoc|Any CPU.ActiveCfg = Debug|Any CPU
		{D41A2D07-B2DB-4D97-8481-318A9540E2A2}.Ad-Hoc|Any CPU.Build.0 = Debug|Any CPU
		{D41A2D07-B2DB-4D97-8481-318A9540E2A2}.Ad-Hoc|Any CPU.Deploy.0 = Debug|Any CPU
		{D41A2D07-B2DB-4D97-8481-318A9540E2A2}.Ad-Hoc|iPhone.ActiveCfg = Debug|Any CPU
		{D41A2D07-B2DB-4D97-8481-318A9540E2A2}.Ad-Hoc|iPhone.Build.0 = Debug|Any CPU
		{D41A2D07-B2DB-4D97-8481-318A9540E2A2}.Ad-Hoc|iPhone.Deploy.0 = Debug|Any CPU
		{D41A2D07-B2DB-4D97-8481-318A9540E2A2}.Ad-Hoc|iPhoneSimulator.ActiveCfg = Debug|Any CPU
		{D41A2D07-B2DB-4D97-8481-318A9540E2A2}.Ad-Hoc|iPhoneSimulator.Build.0 = Debug|Any CPU
		{D41A2D07-B2DB-4D97-8481-318A9540E2A2}.Ad-Hoc|iPhoneSimulator.Deploy.0 = Debug|Any CPU
		{D41A2D07-B2DB-4D97-8481-318A9540E2A2}.AppStore|Any CPU.ActiveCfg = Debug|Any CPU
		{D41A2D07-B2DB-4D97-8481-318A9540E2A2}.AppStore|Any CPU.Build.0 = Debug|Any CPU
		{D41A2D07-B2DB-4D97-8481-318A9540E2A2}.AppStore|Any CPU.Deploy.0 = Debug|Any CPU
		{D41A2D07-B2DB-4D97-8481-318A9540E2A2}.AppStore|iPhone.ActiveCfg = Debug|Any CPU
		{D41A2D07-B2DB-4D97-8481-318A9540E2A2}.AppStore|iPhone.Build.0 = Debug|Any CPU
		{D41A2D07-B2DB-4D97-8481-318A9540E2A2}.AppStore|iPhone.Deploy.0 = Debug|Any CPU
		{D41A2D07-B2DB-4D97-8481-318A9540E2A2}.AppStore|iPhoneSimulator.ActiveCfg = Debug|Any CPU
		{D41A2D07-B2DB-4D97-8481-318A9540E2A2}.AppStore|iPhoneSimulator.Build.0 = Debug|Any CPU
		{D41A2D07-B2DB-4D97-8481-318A9540E2A2}.AppStore|iPhoneSimulator.Deploy.0 = Debug|Any CPU
		{D41A2D07-B2DB-4D97-8481-318A9540E2A2}.Debug|Any CPU.ActiveCfg = Debug|Any CPU
		{D41A2D07-B2DB-4D97-8481-318A9540E2A2}.Debug|Any CPU.Build.0 = Debug|Any CPU
		{D41A2D07-B2DB-4D97-8481-318A9540E2A2}.Debug|Any CPU.Deploy.0 = Debug|Any CPU
		{D41A2D07-B2DB-4D97-8481-318A9540E2A2}.Debug|iPhone.ActiveCfg = Debug|Any CPU
		{D41A2D07-B2DB-4D97-8481-318A9540E2A2}.Debug|iPhone.Build.0 = Debug|Any CPU
		{D41A2D07-B2DB-4D97-8481-318A9540E2A2}.Debug|iPhone.Deploy.0 = Debug|Any CPU
		{D41A2D07-B2DB-4D97-8481-318A9540E2A2}.Debug|iPhoneSimulator.ActiveCfg = Debug|Any CPU
		{D41A2D07-B2DB-4D97-8481-318A9540E2A2}.Debug|iPhoneSimulator.Build.0 = Debug|Any CPU
		{D41A2D07-B2DB-4D97-8481-318A9540E2A2}.Debug|iPhoneSimulator.Deploy.0 = Debug|Any CPU
		{D41A2D07-B2DB-4D97-8481-318A9540E2A2}.Release|Any CPU.ActiveCfg = Release|Any CPU
		{D41A2D07-B2DB-4D97-8481-318A9540E2A2}.Release|Any CPU.Build.0 = Release|Any CPU
		{D41A2D07-B2DB-4D97-8481-318A9540E2A2}.Release|Any CPU.Deploy.0 = Release|Any CPU
		{D41A2D07-B2DB-4D97-8481-318A9540E2A2}.Release|iPhone.ActiveCfg = Release|Any CPU
		{D41A2D07-B2DB-4D97-8481-318A9540E2A2}.Release|iPhone.Build.0 = Release|Any CPU
		{D41A2D07-B2DB-4D97-8481-318A9540E2A2}.Release|iPhone.Deploy.0 = Release|Any CPU
		{D41A2D07-B2DB-4D97-8481-318A9540E2A2}.Release|iPhoneSimulator.ActiveCfg = Release|Any CPU
		{D41A2D07-B2DB-4D97-8481-318A9540E2A2}.Release|iPhoneSimulator.Build.0 = Release|Any CPU
		{D41A2D07-B2DB-4D97-8481-318A9540E2A2}.Release|iPhoneSimulator.Deploy.0 = Release|Any CPU
		{B03764DD-8D88-47E3-A340-90621F7449D1}.Ad-Hoc|Any CPU.ActiveCfg = Debug|Any CPU
		{B03764DD-8D88-47E3-A340-90621F7449D1}.Ad-Hoc|Any CPU.Build.0 = Debug|Any CPU
		{B03764DD-8D88-47E3-A340-90621F7449D1}.Ad-Hoc|iPhone.ActiveCfg = Debug|Any CPU
		{B03764DD-8D88-47E3-A340-90621F7449D1}.Ad-Hoc|iPhone.Build.0 = Debug|Any CPU
		{B03764DD-8D88-47E3-A340-90621F7449D1}.Ad-Hoc|iPhoneSimulator.ActiveCfg = Debug|Any CPU
		{B03764DD-8D88-47E3-A340-90621F7449D1}.Ad-Hoc|iPhoneSimulator.Build.0 = Debug|Any CPU
		{B03764DD-8D88-47E3-A340-90621F7449D1}.AppStore|Any CPU.ActiveCfg = Debug|Any CPU
		{B03764DD-8D88-47E3-A340-90621F7449D1}.AppStore|Any CPU.Build.0 = Debug|Any CPU
		{B03764DD-8D88-47E3-A340-90621F7449D1}.AppStore|iPhone.ActiveCfg = Debug|Any CPU
		{B03764DD-8D88-47E3-A340-90621F7449D1}.AppStore|iPhone.Build.0 = Debug|Any CPU
		{B03764DD-8D88-47E3-A340-90621F7449D1}.AppStore|iPhoneSimulator.ActiveCfg = Debug|Any CPU
		{B03764DD-8D88-47E3-A340-90621F7449D1}.AppStore|iPhoneSimulator.Build.0 = Debug|Any CPU
		{B03764DD-8D88-47E3-A340-90621F7449D1}.Debug|Any CPU.ActiveCfg = Debug|Any CPU
		{B03764DD-8D88-47E3-A340-90621F7449D1}.Debug|Any CPU.Build.0 = Debug|Any CPU
		{B03764DD-8D88-47E3-A340-90621F7449D1}.Debug|iPhone.ActiveCfg = Debug|Any CPU
		{B03764DD-8D88-47E3-A340-90621F7449D1}.Debug|iPhone.Build.0 = Debug|Any CPU
		{B03764DD-8D88-47E3-A340-90621F7449D1}.Debug|iPhoneSimulator.ActiveCfg = Debug|Any CPU
		{B03764DD-8D88-47E3-A340-90621F7449D1}.Debug|iPhoneSimulator.Build.0 = Debug|Any CPU
		{B03764DD-8D88-47E3-A340-90621F7449D1}.Release|Any CPU.ActiveCfg = Release|Any CPU
		{B03764DD-8D88-47E3-A340-90621F7449D1}.Release|Any CPU.Build.0 = Release|Any CPU
		{B03764DD-8D88-47E3-A340-90621F7449D1}.Release|iPhone.ActiveCfg = Release|Any CPU
		{B03764DD-8D88-47E3-A340-90621F7449D1}.Release|iPhone.Build.0 = Release|Any CPU
		{B03764DD-8D88-47E3-A340-90621F7449D1}.Release|iPhoneSimulator.ActiveCfg = Release|Any CPU
		{B03764DD-8D88-47E3-A340-90621F7449D1}.Release|iPhoneSimulator.Build.0 = Release|Any CPU
	EndGlobalSection
	GlobalSection(SolutionProperties) = preSolution
		HideSolutionNode = FALSE
	EndGlobalSection
	GlobalSection(ExtensibilityGlobals) = postSolution
		SolutionGuid = {806603D5-D614-4635-8017-E8211CF1B5C6}
	EndGlobalSection
EndGlobal
